Microsoft Visual Studio Solution File, Format Version 12.00
# Visual Studio Version 17
VisualStudioVersion = 17.5.2.0
MinimumVisualStudioVersion = 10.0.40219.1
Project("{FAE04EC0-301F-11D3-BF4B-00C04F79EFBC}") = "lab04-Kolpakov", "lab04-Kolpakov.csproj", "{665C36A9-EBF3-A16E-CFB1-E1864F3EB6F6}"
EndProject
Global
	GlobalSection(SolutionConfigurationPlatforms) = preSolution
		Debug|Any CPU = Debug|Any CPU
		Release|Any CPU = Release|Any CPU
	EndGlobalSection
	GlobalSection(ProjectConfigurationPlatforms) = postSolution
		{665C36A9-EBF3-A16E-CFB1-E1864F3EB6F6}.Debug|Any CPU.ActiveCfg = Debug|Any CPU
		{665C36A9-EBF3-A16E-CFB1-E1864F3EB6F6}.Debug|Any CPU.Build.0 = Debug|Any CPU
		{665C36A9-EBF3-A16E-CFB1-E1864F3EB6F6}.Release|Any CPU.ActiveCfg = Release|Any CPU
		{665C36A9-EBF3-A16E-CFB1-E1864F3EB6F6}.Release|Any CPU.Build.0 = Release|Any CPU
	EndGlobalSection
	GlobalSection(SolutionProperties) = preSolution
		HideSolutionNode = FALSE
	EndGlobalSection
	GlobalSection(ExtensibilityGlobals) = postSolution
		SolutionGuid = {163211E2-5EB1-4E7A-AFEE-5CB5B6C6D2E4}
	EndGlobalSection
EndGlobal
